
Microsoft Visual Studio Solution File, Format Version 12.00
# Visual Studio Version 16
VisualStudioVersion = 16.0.31624.102
MinimumVisualStudioVersion = 10.0.40219.1
Project("{FAE04EC0-301F-11D3-BF4B-00C04F79EFBC}") = "Adapter", "Adapter\Adapter.csproj", "{197AB643-0636-4DD2-8EA5-D97460894359}"
EndProject
Global
	GlobalSection(SolutionConfigurationPlatforms) = preSolution
		Debug|Any CPU = Debug|Any CPU
		Release|Any CPU = Release|Any CPU
	EndGlobalSection
	GlobalSection(ProjectConfigurationPlatforms) = postSolution
		{197AB643-0636-4DD2-8EA5-D97460894359}.Debug|Any CPU.ActiveCfg = Debug|Any CPU
		{197AB643-0636-4DD2-8EA5-D97460894359}.Debug|Any CPU.Build.0 = Debug|Any CPU
		{197AB643-0636-4DD2-8EA5-D97460894359}.Release|Any CPU.ActiveCfg = Release|Any CPU
		{197AB643-0636-4DD2-8EA5-D97460894359}.Release|Any CPU.Build.0 = Release|Any CPU
	EndGlobalSection
	GlobalSection(SolutionProperties) = preSolution
		HideSolutionNode = FALSE
	EndGlobalSection
	GlobalSection(ExtensibilityGlobals) = postSolution
		SolutionGuid = {36287EEA-7188-4458-868D-C4085ECD3F87}
	EndGlobalSection
EndGlobal
